// !$*UTF8*$!
{
	archiveVersion = 1;
	classes = {
	};
	objectVersion = 56;
	objects = {

/* Begin PBXBuildFile section */
		24EB908D2AD9F7AF0044AF03 /* AppDelegate.swift in Sources */ = {isa = PBXBuildFile; fileRef = 24EB908C2AD9F7AF0044AF03 /* AppDelegate.swift */; };
		24EB908F2AD9F7AF0044AF03 /* SceneDelegate.swift in Sources */ = {isa = PBXBuildFile; fileRef = 24EB908E2AD9F7AF0044AF03 /* SceneDelegate.swift */; };
		24EB90912AD9F7AF0044AF03 /* QuotesGeneratorViewController.swift in Sources */ = {isa = PBXBuildFile; fileRef = 24EB90902AD9F7AF0044AF03 /* QuotesGeneratorViewController.swift */; };
		24EB90962AD9F7C40044AF03 /* Assets.xcassets in Resources */ = {isa = PBXBuildFile; fileRef = 24EB90952AD9F7C40044AF03 /* Assets.xcassets */; };
		24EB90992AD9F7C40044AF03 /* LaunchScreen.storyboard in Resources */ = {isa = PBXBuildFile; fileRef = 24EB90972AD9F7C40044AF03 /* LaunchScreen.storyboard */; };
		24EB90A32AD9FCFE0044AF03 /* AllQuetesViewController.swift in Sources */ = {isa = PBXBuildFile; fileRef = 24EB90A22AD9FCFE0044AF03 /* AllQuetesViewController.swift */; };
		24EB90A52AD9FD1A0044AF03 /* CategoriesViewController.swift in Sources */ = {isa = PBXBuildFile; fileRef = 24EB90A42AD9FD1A0044AF03 /* CategoriesViewController.swift */; };
		24EB90A92ADBD4190044AF03 /* QuoteModel.swift in Sources */ = {isa = PBXBuildFile; fileRef = 24EB90A82ADBD4190044AF03 /* QuoteModel.swift */; };
		24EB90AB2ADBD99E0044AF03 /* QuoteRealModel.swift in Sources */ = {isa = PBXBuildFile; fileRef = 24EB90AA2ADBD99E0044AF03 /* QuoteRealModel.swift */; };
		24EB90AF2ADBDA610044AF03 /* Realm in Frameworks */ = {isa = PBXBuildFile; productRef = 24EB90AE2ADBDA610044AF03 /* Realm */; };
		24EB90B12ADBDA610044AF03 /* RealmSwift in Frameworks */ = {isa = PBXBuildFile; productRef = 24EB90B02ADBDA610044AF03 /* RealmSwift */; };
		24EB90B42ADBFAF10044AF03 /* NetworkServise.swift in Sources */ = {isa = PBXBuildFile; fileRef = 24EB90B32ADBFAF10044AF03 /* NetworkServise.swift */; };
		24EB90B62ADC00710044AF03 /* RealmService.swift in Sources */ = {isa = PBXBuildFile; fileRef = 24EB90B52ADC00710044AF03 /* RealmService.swift */; };
		24EB90B92ADEEE690044AF03 /* QuotesTableViewCell.swift in Sources */ = {isa = PBXBuildFile; fileRef = 24EB90B82ADEEE690044AF03 /* QuotesTableViewCell.swift */; };
		24EB90BD2ADF212E0044AF03 /* QuoteInCategoryViewController.swift in Sources */ = {isa = PBXBuildFile; fileRef = 24EB90BC2ADF212E0044AF03 /* QuoteInCategoryViewController.swift */; };
/* End PBXBuildFile section */

/* Begin PBXFileReference section */
		24EB90892AD9F7AF0044AF03 /* QuotesApp.app */ = {isa = PBXFileReference; explicitFileType = wrapper.application; includeInIndex = 0; path = QuotesApp.app; sourceTree = BUILT_PRODUCTS_DIR; };
		24EB908C2AD9F7AF0044AF03 /* AppDelegate.swift */ = {isa = PBXFileReference; lastKnownFileType = sourcecode.swift; path = AppDelegate.swift; sourceTree = "<group>"; };
		24EB908E2AD9F7AF0044AF03 /* SceneDelegate.swift */ = {isa = PBXFileReference; lastKnownFileType = sourcecode.swift; path = SceneDelegate.swift; sourceTree = "<group>"; };
		24EB90902AD9F7AF0044AF03 /* QuotesGeneratorViewController.swift */ = {isa = PBXFileReference; lastKnownFileType = sourcecode.swift; path = QuotesGeneratorViewController.swift; sourceTree = "<group>"; };
		24EB90952AD9F7C40044AF03 /* Assets.xcassets */ = {isa = PBXFileReference; lastKnownFileType = folder.assetcatalog; path = Assets.xcassets; sourceTree = "<group>"; };
		24EB90982AD9F7C40044AF03 /* Base */ = {isa = PBXFileReference; lastKnownFileType = file.storyboard; name = Base; path = Base.lproj/LaunchScreen.storyboard; sourceTree = "<group>"; };
		24EB909A2AD9F7C40044AF03 /* Info.plist */ = {isa = PBXFileReference; lastKnownFileType = text.plist.xml; path = Info.plist; sourceTree = "<group>"; };
		24EB90A22AD9FCFE0044AF03 /* AllQuetesViewController.swift */ = {isa = PBXFileReference; lastKnownFileType = sourcecode.swift; path = AllQuetesViewController.swift; sourceTree = "<group>"; };
		24EB90A42AD9FD1A0044AF03 /* CategoriesViewController.swift */ = {isa = PBXFileReference; lastKnownFileType = sourcecode.swift; path = CategoriesViewController.swift; sourceTree = "<group>"; };
		24EB90A82ADBD4190044AF03 /* QuoteModel.swift */ = {isa = PBXFileReference; lastKnownFileType = sourcecode.swift; path = QuoteModel.swift; sourceTree = "<group>"; };
		24EB90AA2ADBD99E0044AF03 /* QuoteRealModel.swift */ = {isa = PBXFileReference; lastKnownFileType = sourcecode.swift; path = QuoteRealModel.swift; sourceTree = "<group>"; };
		24EB90B32ADBFAF10044AF03 /* NetworkServise.swift */ = {isa = PBXFileReference; lastKnownFileType = sourcecode.swift; path = NetworkServise.swift; sourceTree = "<group>"; };
		24EB90B52ADC00710044AF03 /* RealmService.swift */ = {isa = PBXFileReference; lastKnownFileType = sourcecode.swift; path = RealmService.swift; sourceTree = "<group>"; };
		24EB90B82ADEEE690044AF03 /* QuotesTableViewCell.swift */ = {isa = PBXFileReference; lastKnownFileType = sourcecode.swift; path = QuotesTableViewCell.swift; sourceTree = "<group>"; };
		24EB90BC2ADF212E0044AF03 /* QuoteInCategoryViewController.swift */ = {isa = PBXFileReference; lastKnownFileType = sourcecode.swift; path = QuoteInCategoryViewController.swift; sourceTree = "<group>"; };
/* End PBXFileReference section */

/* Begin PBXFrameworksBuildPhase section */
		24EB90862AD9F7AF0044AF03 /* Frameworks */ = {
			isa = PBXFrameworksBuildPhase;
			buildActionMask = 2147483647;
			files = (
				24EB90B12ADBDA610044AF03 /* RealmSwift in Frameworks */,
				24EB90AF2ADBDA610044AF03 /* Realm in Frameworks */,
			);
			runOnlyForDeploymentPostprocessing = 0;
		};
/* End PBXFrameworksBuildPhase section */

/* Begin PBXGroup section */
		24EB90802AD9F7AE0044AF03 = {
			isa = PBXGroup;
			children = (
				24EB908B2AD9F7AF0044AF03 /* QuotesApp */,
				24EB908A2AD9F7AF0044AF03 /* Products */,
			);
			sourceTree = "<group>";
		};
		24EB908A2AD9F7AF0044AF03 /* Products */ = {
			isa = PBXGroup;
			children = (
				24EB90892AD9F7AF0044AF03 /* QuotesApp.app */,
			);
			name = Products;
			sourceTree = "<group>";
		};
		24EB908B2AD9F7AF0044AF03 /* QuotesApp */ = {
			isa = PBXGroup;
			children = (
				24EB90A02AD9FB3E0044AF03 /* Resourses */,
				24EB90A12AD9FB500044AF03 /* Controllers */,
				24EB90A72ADBD3FA0044AF03 /* Modeles */,
				24EB90A62ADBD3ED0044AF03 /* Services */,
				24EB90952AD9F7C40044AF03 /* Assets.xcassets */,
				24EB90972AD9F7C40044AF03 /* LaunchScreen.storyboard */,
				24EB909A2AD9F7C40044AF03 /* Info.plist */,
			);
			path = QuotesApp;
			sourceTree = "<group>";
		};
		24EB90A02AD9FB3E0044AF03 /* Resourses */ = {
			isa = PBXGroup;
			children = (
				24EB908C2AD9F7AF0044AF03 /* AppDelegate.swift */,
				24EB908E2AD9F7AF0044AF03 /* SceneDelegate.swift */,
			);
			path = Resourses;
			sourceTree = "<group>";
		};
		24EB90A12AD9FB500044AF03 /* Controllers */ = {
			isa = PBXGroup;
			children = (
				24EB90BA2ADEFD8F0044AF03 /* QuotesGeneratorViewController */,
				24EB90B72ADEEE3E0044AF03 /* AllQuotesViewController */,
				24EB90BB2ADEFDB10044AF03 /* CategoriesViewController */,
			);
			path = Controllers;
			sourceTree = "<group>";
		};
		24EB90A62ADBD3ED0044AF03 /* Services */ = {
			isa = PBXGroup;
			children = (
				24EB90B32ADBFAF10044AF03 /* NetworkServise.swift */,
				24EB90B52ADC00710044AF03 /* RealmService.swift */,
			);
			path = Services;
			sourceTree = "<group>";
		};
		24EB90A72ADBD3FA0044AF03 /* Modeles */ = {
			isa = PBXGroup;
			children = (
				24EB90A82ADBD4190044AF03 /* QuoteModel.swift */,
				24EB90AA2ADBD99E0044AF03 /* QuoteRealModel.swift */,
			);
			path = Modeles;
			sourceTree = "<group>";
		};
		24EB90B72ADEEE3E0044AF03 /* AllQuotesViewController */ = {
			isa = PBXGroup;
			children = (
				24EB90A22AD9FCFE0044AF03 /* AllQuetesViewController.swift */,
				24EB90B82ADEEE690044AF03 /* QuotesTableViewCell.swift */,
			);
			path = AllQuotesViewController;
			sourceTree = "<group>";
		};
		24EB90BA2ADEFD8F0044AF03 /* QuotesGeneratorViewController */ = {
			isa = PBXGroup;
			children = (
				24EB90902AD9F7AF0044AF03 /* QuotesGeneratorViewController.swift */,
			);
			path = QuotesGeneratorViewController;
			sourceTree = "<group>";
		};
		24EB90BB2ADEFDB10044AF03 /* CategoriesViewController */ = {
			isa = PBXGroup;
			children = (
				24EB90A42AD9FD1A0044AF03 /* CategoriesViewController.swift */,
				24EB90BC2ADF212E0044AF03 /* QuoteInCategoryViewController.swift */,
			);
			path = CategoriesViewController;
			sourceTree = "<group>";
		};
/* End PBXGroup section */

/* Begin PBXNativeTarget section */
		24EB90882AD9F7AF0044AF03 /* QuotesApp */ = {
			isa = PBXNativeTarget;
			buildConfigurationList = 24EB909D2AD9F7C40044AF03 /* Build configuration list for PBXNativeTarget "QuotesApp" */;
			buildPhases = (
				24EB90852AD9F7AF0044AF03 /* Sources */,
				24EB90862AD9F7AF0044AF03 /* Frameworks */,
				24EB90872AD9F7AF0044AF03 /* Resources */,
			);
			buildRules = (
			);
			dependencies = (
			);
			name = QuotesApp;
			packageProductDependencies = (
				24EB90AE2ADBDA610044AF03 /* Realm */,
				24EB90B02ADBDA610044AF03 /* RealmSwift */,
			);
			productName = QuotesApp;
			productReference = 24EB90892AD9F7AF0044AF03 /* QuotesApp.app */;
			productType = "com.apple.product-type.application";
		};
/* End PBXNativeTarget section */

/* Begin PBXProject section */
		24EB90812AD9F7AE0044AF03 /* Project object */ = {
			isa = PBXProject;
			attributes = {
				BuildIndependentTargetsInParallel = 1;
				LastSwiftUpdateCheck = 1500;
				LastUpgradeCheck = 1500;
				TargetAttributes = {
					24EB90882AD9F7AF0044AF03 = {
						CreatedOnToolsVersion = 15.0;
					};
				};
			};
			buildConfigurationList = 24EB90842AD9F7AE0044AF03 /* Build configuration list for PBXProject "QuotesApp" */;
			compatibilityVersion = "Xcode 14.0";
			developmentRegion = en;
			hasScannedForEncodings = 0;
			knownRegions = (
				en,
				Base,
			);
			mainGroup = 24EB90802AD9F7AE0044AF03;
			packageReferences = (
				24EB90AD2ADBDA610044AF03 /* XCRemoteSwiftPackageReference "realm-swift" */,
			);
			productRefGroup = 24EB908A2AD9F7AF0044AF03 /* Products */;
			projectDirPath = "";
			projectRoot = "";
			targets = (
				24EB90882AD9F7AF0044AF03 /* QuotesApp */,
			);
		};
/* End PBXProject section */

/* Begin PBXResourcesBuildPhase section */
		24EB90872AD9F7AF0044AF03 /* Resources */ = {
			isa = PBXResourcesBuildPhase;
			buildActionMask = 2147483647;
			files = (
				24EB90992AD9F7C40044AF03 /* LaunchScreen.storyboard in Resources */,
				24EB90962AD9F7C40044AF03 /* Assets.xcassets in Resources */,
			);
			runOnlyForDeploymentPostprocessing = 0;
		};
/* End PBXResourcesBuildPhase section */

/* Begin PBXSourcesBuildPhase section */
		24EB90852AD9F7AF0044AF03 /* Sources */ = {
			isa = PBXSourcesBuildPhase;
			buildActionMask = 2147483647;
			files = (
				24EB90BD2ADF212E0044AF03 /* QuoteInCategoryViewController.swift in Sources */,
				24EB90A92ADBD4190044AF03 /* QuoteModel.swift in Sources */,
				24EB90912AD9F7AF0044AF03 /* QuotesGeneratorViewController.swift in Sources */,
				24EB90B42ADBFAF10044AF03 /* NetworkServise.swift in Sources */,
				24EB908D2AD9F7AF0044AF03 /* AppDelegate.swift in Sources */,
				24EB90B62ADC00710044AF03 /* RealmService.swift in Sources */,
				24EB908F2AD9F7AF0044AF03 /* SceneDelegate.swift in Sources */,
				24EB90B92ADEEE690044AF03 /* QuotesTableViewCell.swift in Sources */,
				24EB90A32AD9FCFE0044AF03 /* AllQuetesViewController.swift in Sources */,
				24EB90A52AD9FD1A0044AF03 /* CategoriesViewController.swift in Sources */,
				24EB90AB2ADBD99E0044AF03 /* QuoteRealModel.swift in Sources */,
			);
			runOnlyForDeploymentPostprocessing = 0;
		};
/* End PBXSourcesBuildPhase section */

/* Begin PBXVariantGroup section */
		24EB90972AD9F7C40044AF03 /* LaunchScreen.storyboard */ = {
			isa = PBXVariantGroup;
			children = (
				24EB90982AD9F7C40044AF03 /* Base */,
			);
			name = LaunchScreen.storyboard;
			sourceTree = "<group>";
		};
/* End PBXVariantGroup section */

/* Begin XCBuildConfiguration section */
		24EB909B2AD9F7C40044AF03 /* Debug */ = {
			isa = XCBuildConfiguration;
			buildSettings = {
				ALWAYS_SEARCH_USER_PATHS = NO;
				ASSETCATALOG_COMPILER_GENERATE_SWIFT_ASSET_SYMBOL_EXTENSIONS = YES;
				CLANG_ANALYZER_NONNULL = YES;
				CLANG_ANALYZER_NUMBER_OBJECT_CONVERSION = YES_AGGRESSIVE;
				CLANG_CXX_LANGUAGE_STANDARD = "gnu++20";
				CLANG_ENABLE_MODULES = YES;
				CLANG_ENABLE_OBJC_ARC = YES;
				CLANG_ENABLE_OBJC_WEAK = YES;
				CLANG_WARN_BLOCK_CAPTURE_AUTORELEASING = YES;
				CLANG_WARN_BOOL_CONVERSION = YES;
				CLANG_WARN_COMMA = YES;
				CLANG_WARN_CONSTANT_CONVERSION = YES;
				CLANG_WARN_DEPRECATED_OBJC_IMPLEMENTATIONS = YES;
				CLANG_WARN_DIRECT_OBJC_ISA_USAGE = YES_ERROR;
				CLANG_WARN_DOCUMENTATION_COMMENTS = YES;
				CLANG_WARN_EMPTY_BODY = YES;
				CLANG_WARN_ENUM_CONVERSION = YES;
				CLANG_WARN_INFINITE_RECURSION = YES;
				CLANG_WARN_INT_CONVERSION = YES;
				CLANG_WARN_NON_LITERAL_NULL_CONVERSION = YES;
				CLANG_WARN_OBJC_IMPLICIT_RETAIN_SELF = YES;
				CLANG_WARN_OBJC_LITERAL_CONVERSION = YES;
				CLANG_WARN_OBJC_ROOT_CLASS = YES_ERROR;
				CLANG_WARN_QUOTED_INCLUDE_IN_FRAMEWORK_HEADER = YES;
				CLANG_WARN_RANGE_LOOP_ANALYSIS = YES;
				CLANG_WARN_STRICT_PROTOTYPES = YES;
				CLANG_WARN_SUSPICIOUS_MOVE = YES;
				CLANG_WARN_UNGUARDED_AVAILABILITY = YES_AGGRESSIVE;
				CLANG_WARN_UNREACHABLE_CODE = YES;
				CLANG_WARN__DUPLICATE_METHOD_MATCH = YES;
				COPY_PHASE_STRIP = NO;
				DEBUG_INFORMATION_FORMAT = dwarf;
				ENABLE_STRICT_OBJC_MSGSEND = YES;
				ENABLE_TESTABILITY = YES;
				ENABLE_USER_SCRIPT_SANDBOXING = YES;
				GCC_C_LANGUAGE_STANDARD = gnu17;
				GCC_DYNAMIC_NO_PIC = NO;
				GCC_NO_COMMON_BLOCKS = YES;
				GCC_OPTIMIZATION_LEVEL = 0;
				GCC_PREPROCESSOR_DEFINITIONS = (
					"DEBUG=1",
					"$(inherited)",
				);
				GCC_WARN_64_TO_32_BIT_CONVERSION = YES;
				GCC_WARN_ABOUT_RETURN_TYPE = YES_ERROR;
				GCC_WARN_UNDECLARED_SELECTOR = YES;
				GCC_WARN_UNINITIALIZED_AUTOS = YES_AGGRESSIVE;
				GCC_WARN_UNUSED_FUNCTION = YES;
				GCC_WARN_UNUSED_VARIABLE = YES;
				IPHONEOS_DEPLOYMENT_TARGET = 17.0;
				LOCALIZATION_PREFERS_STRING_CATALOGS = YES;
				MTL_ENABLE_DEBUG_INFO = INCLUDE_SOURCE;
				MTL_FAST_MATH = YES;
				ONLY_ACTIVE_ARCH = YES;
				SDKROOT = iphoneos;
				SWIFT_ACTIVE_COMPILATION_CONDITIONS = "DEBUG $(inherited)";
				SWIFT_OPTIMIZATION_LEVEL = "-Onone";
			};
			name = Debug;
		};
		24EB909C2AD9F7C40044AF03 /* Release */ = {
			isa = XCBuildConfiguration;
			buildSettings = {
				ALWAYS_SEARCH_USER_PATHS = NO;
				ASSETCATALOG_COMPILER_GENERATE_SWIFT_ASSET_SYMBOL_EXTENSIONS = YES;
				CLANG_ANALYZER_NONNULL = YES;
				CLANG_ANALYZER_NUMBER_OBJECT_CONVERSION = YES_AGGRESSIVE;
				CLANG_CXX_LANGUAGE_STANDARD = "gnu++20";
				CLANG_ENABLE_MODULES = YES;
				CLANG_ENABLE_OBJC_ARC = YES;
				CLANG_ENABLE_OBJC_WEAK = YES;
				CLANG_WARN_BLOCK_CAPTURE_AUTORELEASING = YES;
				CLANG_WARN_BOOL_CONVERSION = YES;
				CLANG_WARN_COMMA = YES;
				CLANG_WARN_CONSTANT_CONVERSION = YES;
				CLANG_WARN_DEPRECATED_OBJC_IMPLEMENTATIONS = YES;
				CLANG_WARN_DIRECT_OBJC_ISA_USAGE = YES_ERROR;
				CLANG_WARN_DOCUMENTATION_COMMENTS = YES;
				CLANG_WARN_EMPTY_BODY = YES;
				CLANG_WARN_ENUM_CONVERSION = YES;
				CLANG_WARN_INFINITE_RECURSION = YES;
				CLANG_WARN_INT_CONVERSION = YES;
				CLANG_WARN_NON_LITERAL_NULL_CONVERSION = YES;
				CLANG_WARN_OBJC_IMPLICIT_RETAIN_SELF = YES;
				CLANG_WARN_OBJC_LITERAL_CONVERSION = YES;
				CLANG_WARN_OBJC_ROOT_CLASS = YES_ERROR;
				CLANG_WARN_QUOTED_INCLUDE_IN_FRAMEWORK_HEADER = YES;
				CLANG_WARN_RANGE_LOOP_ANALYSIS = YES;
				CLANG_WARN_STRICT_PROTOTYPES = YES;
				CLANG_WARN_SUSPICIOUS_MOVE = YES;
				CLANG_WARN_UNGUARDED_AVAILABILITY = YES_AGGRESSIVE;
				CLANG_WARN_UNREACHABLE_CODE = YES;
				CLANG_WARN__DUPLICATE_METHOD_MATCH = YES;
				COPY_PHASE_STRIP = NO;
				DEBUG_INFORMATION_FORMAT = "dwarf-with-dsym";
				ENABLE_NS_ASSERTIONS = NO;
				ENABLE_STRICT_OBJC_MSGSEND = YES;
				ENABLE_USER_SCRIPT_SANDBOXING = YES;
				GCC_C_LANGUAGE_STANDARD = gnu17;
				GCC_NO_COMMON_BLOCKS = YES;
				GCC_WARN_64_TO_32_BIT_CONVERSION = YES;
				GCC_WARN_ABOUT_RETURN_TYPE = YES_ERROR;
				GCC_WARN_UNDECLARED_SELECTOR = YES;
				GCC_WARN_UNINITIALIZED_AUTOS = YES_AGGRESSIVE;
				GCC_WARN_UNUSED_FUNCTION = YES;
				GCC_WARN_UNUSED_VARIABLE = YES;
				IPHONEOS_DEPLOYMENT_TARGET = 17.0;
				LOCALIZATION_PREFERS_STRING_CATALOGS = YES;
				MTL_ENABLE_DEBUG_INFO = NO;
				MTL_FAST_MATH = YES;
				SDKROOT = iphoneos;
				SWIFT_COMPILATION_MODE = wholemodule;
				VALIDATE_PRODUCT = YES;
			};
			name = Release;
		};
		24EB909E2AD9F7C40044AF03 /* Debug */ = {
			isa = XCBuildConfiguration;
			buildSettings = {
				ASSETCATALOG_COMPILER_APPICON_NAME = AppIcon;
				ASSETCATALOG_COMPILER_GLOBAL_ACCENT_COLOR_NAME = AccentColor;
				CODE_SIGN_STYLE = Automatic;
				CURRENT_PROJECT_VERSION = 1;
				GENERATE_INFOPLIST_FILE = YES;
				INFOPLIST_FILE = QuotesApp/Info.plist;
				INFOPLIST_KEY_UIApplicationSupportsIndirectInputEvents = YES;
				INFOPLIST_KEY_UILaunchStoryboardName = LaunchScreen;
				INFOPLIST_KEY_UISupportedInterfaceOrientations_iPad = "UIInterfaceOrientationPortrait UIInterfaceOrientationPortraitUpsideDown UIInterfaceOrientationLandscapeLeft UIInterfaceOrientationLandscapeRight";
				INFOPLIST_KEY_UISupportedInterfaceOrientations_iPhone = "UIInterfaceOrientationPortrait UIInterfaceOrientationLandscapeLeft UIInterfaceOrientationLandscapeRight";
				LD_RUNPATH_SEARCH_PATHS = (
					"$(inherited)",
					"@executable_path/Frameworks",
				);
				MARKETING_VERSION = 1.0;
				PRODUCT_BUNDLE_IDENTIFIER = Team.QuotesApp;
				PRODUCT_NAME = "$(TARGET_NAME)";
				SUPPORTED_PLATFORMS = "iphoneos iphonesimulator";
				SUPPORTS_MACCATALYST = NO;
				SUPPORTS_MAC_DESIGNED_FOR_IPHONE_IPAD = NO;
				SWIFT_EMIT_LOC_STRINGS = YES;
				SWIFT_VERSION = 5.0;
				TARGETED_DEVICE_FAMILY = 1;
			};
			name = Debug;
		};
		24EB909F2AD9F7C40044AF03 /* Release */ = {
			isa = XCBuildConfiguration;
			buildSettings = {
				ASSETCATALOG_COMPILER_APPICON_NAME = AppIcon;
				ASSETCATALOG_COMPILER_GLOBAL_ACCENT_COLOR_NAME = AccentColor;
				CODE_SIGN_STYLE = Automatic;
				CURRENT_PROJECT_VERSION = 1;
				GENERATE_INFOPLIST_FILE = YES;
				INFOPLIST_FILE = QuotesApp/Info.plist;
				INFOPLIST_KEY_UIApplicationSupportsIndirectInputEvents = YES;
				INFOPLIST_KEY_UILaunchStoryboardName = LaunchScreen;
				INFOPLIST_KEY_UISupportedInterfaceOrientations_iPad = "UIInterfaceOrientationPortrait UIInterfaceOrientationPortraitUpsideDown UIInterfaceOrientationLandscapeLeft UIInterfaceOrientationLandscapeRight";
				INFOPLIST_KEY_UISupportedInterfaceOrientations_iPhone = "UIInterfaceOrientationPortrait UIInterfaceOrientationLandscapeLeft UIInterfaceOrientationLandscapeRight";
				LD_RUNPATH_SEARCH_PATHS = (
					"$(inherited)",
					"@executable_path/Frameworks",
				);
				MARKETING_VERSION = 1.0;
				PRODUCT_BUNDLE_IDENTIFIER = Team.QuotesApp;
				PRODUCT_NAME = "$(TARGET_NAME)";
				SUPPORTED_PLATFORMS = "iphoneos iphonesimulator";
				SUPPORTS_MACCATALYST = NO;
				SUPPORTS_MAC_DESIGNED_FOR_IPHONE_IPAD = NO;
				SWIFT_EMIT_LOC_STRINGS = YES;
				SWIFT_VERSION = 5.0;
				TARGETED_DEVICE_FAMILY = 1;
			};
			name = Release;
		};
/* End XCBuildConfiguration section */

/* Begin XCConfigurationList section */
		24EB90842AD9F7AE0044AF03 /* Build configuration list for PBXProject "QuotesApp" */ = {
			isa = XCConfigurationList;
			buildConfigurations = (
				24EB909B2AD9F7C40044AF03 /* Debug */,
				24EB909C2AD9F7C40044AF03 /* Release */,
			);
			defaultConfigurationIsVisible = 0;
			defaultConfigurationName = Release;
		};
		24EB909D2AD9F7C40044AF03 /* Build configuration list for PBXNativeTarget "QuotesApp" */ = {
			isa = XCConfigurationList;
			buildConfigurations = (
				24EB909E2AD9F7C40044AF03 /* Debug */,
				24EB909F2AD9F7C40044AF03 /* Release */,
			);
			defaultConfigurationIsVisible = 0;
			defaultConfigurationName = Release;
		};
/* End XCConfigurationList section */

/* Begin XCRemoteSwiftPackageReference section */
		24EB90AD2ADBDA610044AF03 /* XCRemoteSwiftPackageReference "realm-swift" */ = {
			isa = XCRemoteSwiftPackageReference;
			repositoryURL = "https://github.com/realm/realm-swift";
			requirement = {
				kind = upToNextMajorVersion;
				minimumVersion = 10.43.0;
			};
		};
/* End XCRemoteSwiftPackageReference section */

/* Begin XCSwiftPackageProductDependency section */
		24EB90AE2ADBDA610044AF03 /* Realm */ = {
			isa = XCSwiftPackageProductDependency;
			package = 24EB90AD2ADBDA610044AF03 /* XCRemoteSwiftPackageReference "realm-swift" */;
			productName = Realm;
		};
		24EB90B02ADBDA610044AF03 /* RealmSwift */ = {
			isa = XCSwiftPackageProductDependency;
			package = 24EB90AD2ADBDA610044AF03 /* XCRemoteSwiftPackageReference "realm-swift" */;
			productName = RealmSwift;
		};
/* End XCSwiftPackageProductDependency section */
	};
	rootObject = 24EB90812AD9F7AE0044AF03 /* Project object */;
}
